# THIS IS AN AUTOGENERATED FILE. DO NOT EDIT THIS FILE DIRECTLY.
# yarn lockfile v1


crypto-js@^4.1.1:
  version "4.1.1"
  resolved "https://registry.yarnpkg.com/crypto-js/-/crypto-js-4.1.1.tgz#9e485bcf03521041bd85844786b83fb7619736cf"
  integrity sha512-o2JlM7ydqd3Qk9CA0L4NL6mTzU2sdx96a+oOfPu8Mkl/PK51vSyoi8/rQ8NknZtk44vq15lmhAj9CIAGwgeWKw==

ipdb@^0.3.3:
  version "0.3.3"
  resolved "https://registry.yarnpkg.com/ipdb/-/ipdb-0.3.3.tgz#741ad7b73dbc847bcd9302b24c08ce5c30e4a958"
  integrity sha512-lQIa/I5mQ7WbT0h1MCkbixgZslJeEdjBN0a+ElDV2XDfdc0bgGWxUq6+QmMmcx3epu95xBGstmbR+1mX9m4EZQ==

qqwry.ipdb@^2023.2.8:
  version "2023.2.8"
  resolved "https://registry.yarnpkg.com/qqwry.ipdb/-/qqwry.ipdb-2023.2.8.tgz#fdea1a81f6bd4c5cb7fc3a52458aca82f0e5f09d"
  integrity sha512-CVs8YU/NytbtbwjPPqf/1g2QZFXKYSUC2+3gD0gaSnQ7ag6kuR3SR0h+ufRqblBu0ZRumN0Jq+FAzJ5bk7dOIg==
